// !$*UTF8*$!
{
	archiveVersion = 1;
	classes = {
	};
	objectVersion = 46;
	objects = {

/* Begin PBXBuildFile section */
		119087521F5751FF009D87B3 /* AppDelegate.swift in Sources */ = {isa = PBXBuildFile; fileRef = 119087511F5751FF009D87B3 /* AppDelegate.swift */; };
		119087541F5751FF009D87B3 /* tableViewController.swift in Sources */ = {isa = PBXBuildFile; fileRef = 119087531F5751FF009D87B3 /* tableViewController.swift */; };
		119087571F5751FF009D87B3 /* Main.storyboard in Resources */ = {isa = PBXBuildFile; fileRef = 119087551F5751FF009D87B3 /* Main.storyboard */; };
		1190875A1F5751FF009D87B3 /* newQuotePro.xcdatamodeld in Sources */ = {isa = PBXBuildFile; fileRef = 119087581F5751FF009D87B3 /* newQuotePro.xcdatamodeld */; };
		1190875C1F5751FF009D87B3 /* Assets.xcassets in Resources */ = {isa = PBXBuildFile; fileRef = 1190875B1F5751FF009D87B3 /* Assets.xcassets */; };
		1190875F1F5751FF009D87B3 /* LaunchScreen.storyboard in Resources */ = {isa = PBXBuildFile; fileRef = 1190875D1F5751FF009D87B3 /* LaunchScreen.storyboard */; };
		119087671F57643E009D87B3 /* QuoteViewController.swift in Sources */ = {isa = PBXBuildFile; fileRef = 119087661F57643E009D87B3 /* QuoteViewController.swift */; };
		1190876A1F578DAF009D87B3 /* TableViewCell.swift in Sources */ = {isa = PBXBuildFile; fileRef = 119087681F578DAF009D87B3 /* TableViewCell.swift */; };
		1190876B1F578DAF009D87B3 /* TableViewCell.xib in Resources */ = {isa = PBXBuildFile; fileRef = 119087691F578DAF009D87B3 /* TableViewCell.xib */; };
/* End PBXBuildFile section */

/* Begin PBXFileReference section */
		1190874E1F5751FF009D87B3 /* newQuotePro.app */ = {isa = PBXFileReference; explicitFileType = wrapper.application; includeInIndex = 0; path = newQuotePro.app; sourceTree = BUILT_PRODUCTS_DIR; };
		119087511F5751FF009D87B3 /* AppDelegate.swift */ = {isa = PBXFileReference; lastKnownFileType = sourcecode.swift; path = AppDelegate.swift; sourceTree = "<group>"; };
		119087531F5751FF009D87B3 /* tableViewController.swift */ = {isa = PBXFileReference; lastKnownFileType = sourcecode.swift; path = tableViewController.swift; sourceTree = "<group>"; };
		119087561F5751FF009D87B3 /* Base */ = {isa = PBXFileReference; lastKnownFileType = file.storyboard; name = Base; path = Base.lproj/Main.storyboard; sourceTree = "<group>"; };
		119087591F5751FF009D87B3 /* newQuotePro.xcdatamodel */ = {isa = PBXFileReference; lastKnownFileType = wrapper.xcdatamodel; path = newQuotePro.xcdatamodel; sourceTree = "<group>"; };
		1190875B1F5751FF009D87B3 /* Assets.xcassets */ = {isa = PBXFileReference; lastKnownFileType = folder.assetcatalog; path = Assets.xcassets; sourceTree = "<group>"; };
		1190875E1F5751FF009D87B3 /* Base */ = {isa = PBXFileReference; lastKnownFileType = file.storyboard; name = Base; path = Base.lproj/LaunchScreen.storyboard; sourceTree = "<group>"; };
		119087601F5751FF009D87B3 /* Info.plist */ = {isa = PBXFileReference; lastKnownFileType = text.plist.xml; path = Info.plist; sourceTree = "<group>"; };
		119087661F57643E009D87B3 /* QuoteViewController.swift */ = {isa = PBXFileReference; fileEncoding = 4; lastKnownFileType = sourcecode.swift; path = QuoteViewController.swift; sourceTree = "<group>"; };
		119087681F578DAF009D87B3 /* TableViewCell.swift */ = {isa = PBXFileReference; fileEncoding = 4; lastKnownFileType = sourcecode.swift; path = TableViewCell.swift; sourceTree = "<group>"; };
		119087691F578DAF009D87B3 /* TableViewCell.xib */ = {isa = PBXFileReference; fileEncoding = 4; lastKnownFileType = file.xib; path = TableViewCell.xib; sourceTree = "<group>"; };
/* End PBXFileReference section */

/* Begin PBXFrameworksBuildPhase section */
		1190874B1F5751FF009D87B3 /* Frameworks */ = {
			isa = PBXFrameworksBuildPhase;
			buildActionMask = 2147483647;
			files = (
			);
			runOnlyForDeploymentPostprocessing = 0;
		};
/* End PBXFrameworksBuildPhase section */

/* Begin PBXGroup section */
		119087451F5751FF009D87B3 = {
			isa = PBXGroup;
			children = (
				119087501F5751FF009D87B3 /* newQuotePro */,
				1190874F1F5751FF009D87B3 /* Products */,
			);
			sourceTree = "<group>";
		};
		1190874F1F5751FF009D87B3 /* Products */ = {
			isa = PBXGroup;
			children = (
				1190874E1F5751FF009D87B3 /* newQuotePro.app */,
			);
			name = Products;
			sourceTree = "<group>";
		};
		119087501F5751FF009D87B3 /* newQuotePro */ = {
			isa = PBXGroup;
			children = (
				119087511F5751FF009D87B3 /* AppDelegate.swift */,
				119087531F5751FF009D87B3 /* tableViewController.swift */,
				119087551F5751FF009D87B3 /* Main.storyboard */,
				119087661F57643E009D87B3 /* QuoteViewController.swift */,
				1190875B1F5751FF009D87B3 /* Assets.xcassets */,
				1190875D1F5751FF009D87B3 /* LaunchScreen.storyboard */,
				119087601F5751FF009D87B3 /* Info.plist */,
				119087581F5751FF009D87B3 /* newQuotePro.xcdatamodeld */,
				119087681F578DAF009D87B3 /* TableViewCell.swift */,
				119087691F578DAF009D87B3 /* TableViewCell.xib */,
			);
			path = newQuotePro;
			sourceTree = "<group>";
		};
/* End PBXGroup section */

/* Begin PBXNativeTarget section */
		1190874D1F5751FF009D87B3 /* newQuotePro */ = {
			isa = PBXNativeTarget;
			buildConfigurationList = 119087631F5751FF009D87B3 /* Build configuration list for PBXNativeTarget "newQuotePro" */;
			buildPhases = (
				1190874A1F5751FF009D87B3 /* Sources */,
				1190874B1F5751FF009D87B3 /* Frameworks */,
				1190874C1F5751FF009D87B3 /* Resources */,
			);
			buildRules = (
			);
			dependencies = (
			);
			name = newQuotePro;
			productName = newQuotePro;
			productReference = 1190874E1F5751FF009D87B3 /* newQuotePro.app */;
			productType = "com.apple.product-type.application";
		};
/* End PBXNativeTarget section */

/* Begin PBXProject section */
		119087461F5751FF009D87B3 /* Project object */ = {
			isa = PBXProject;
			attributes = {
				LastSwiftUpdateCheck = 0820;
				LastUpgradeCheck = 0820;
				ORGANIZATIONNAME = "Mohammad Shahzaib Ather";
				TargetAttributes = {
					1190874D1F5751FF009D87B3 = {
						CreatedOnToolsVersion = 8.2.1;
						ProvisioningStyle = Automatic;
					};
				};
			};
			buildConfigurationList = 119087491F5751FF009D87B3 /* Build configuration list for PBXProject "newQuotePro" */;
			compatibilityVersion = "Xcode 3.2";
			developmentRegion = English;
			hasScannedForEncodings = 0;
			knownRegions = (
				en,
				Base,
			);
			mainGroup = 119087451F5751FF009D87B3;
			productRefGroup = 1190874F1F5751FF009D87B3 /* Products */;
			projectDirPath = "";
			projectRoot = "";
			targets = (
				1190874D1F5751FF009D87B3 /* newQuotePro */,
			);
		};
/* End PBXProject section */

/* Begin PBXResourcesBuildPhase section */
		1190874C1F5751FF009D87B3 /* Resources */ = {
			isa = PBXResourcesBuildPhase;
			buildActionMask = 2147483647;
			files = (
				1190875F1F5751FF009D87B3 /* LaunchScreen.storyboard in Resources */,
				1190876B1F578DAF009D87B3 /* TableViewCell.xib in Resources */,
				1190875C1F5751FF009D87B3 /* Assets.xcassets in Resources */,
				119087571F5751FF009D87B3 /* Main.storyboard in Resources */,
			);
			runOnlyForDeploymentPostprocessing = 0;
		};
/* End PBXResourcesBuildPhase section */

/* Begin PBXSourcesBuildPhase section */
		1190874A1F5751FF009D87B3 /* Sources */ = {
			isa = PBXSourcesBuildPhase;
			buildActionMask = 2147483647;
			files = (
				1190876A1F578DAF009D87B3 /* TableViewCell.swift in Sources */,
				119087541F5751FF009D87B3 /* tableViewController.swift in Sources */,
				119087521F5751FF009D87B3 /* AppDelegate.swift in Sources */,
				119087671F57643E009D87B3 /* QuoteViewController.swift in Sources */,
				1190875A1F5751FF009D87B3 /* newQuotePro.xcdatamodeld in Sources */,
			);
			runOnlyForDeploymentPostprocessing = 0;
		};
/* End PBXSourcesBuildPhase section */

/* Begin PBXVariantGroup section */
		119087551F5751FF009D87B3 /* Main.storyboard */ = {
			isa = PBXVariantGroup;
			children = (
				119087561F5751FF009D87B3 /* Base */,
			);
			name = Main.storyboard;
			sourceTree = "<group>";
		};
		1190875D1F5751FF009D87B3 /* LaunchScreen.storyboard */ = {
			isa = PBXVariantGroup;
			children = (
				1190875E1F5751FF009D87B3 /* Base */,
			);
			name = LaunchScreen.storyboard;
			sourceTree = "<group>";
		};
/* End PBXVariantGroup section */

/* Begin XCBuildConfiguration section */
		119087611F5751FF009D87B3 /* Debug */ = {
			isa = XCBuildConfiguration;
			buildSettings = {
				ALWAYS_SEARCH_USER_PATHS = NO;
				CLANG_ANALYZER_NONNULL = YES;
				CLANG_CXX_LANGUAGE_STANDARD = "gnu++0x";
				CLANG_CXX_LIBRARY = "libc++";
				CLANG_ENABLE_MODULES = YES;
				CLANG_ENABLE_OBJC_ARC = YES;
				CLANG_WARN_BOOL_CONVERSION = YES;
				CLANG_WARN_CONSTANT_CONVERSION = YES;
				CLANG_WARN_DIRECT_OBJC_ISA_USAGE = YES_ERROR;
				CLANG_WARN_DOCUMENTATION_COMMENTS = YES;
				CLANG_WARN_EMPTY_BODY = YES;
				CLANG_WARN_ENUM_CONVERSION = YES;
				CLANG_WARN_INFINITE_RECURSION = YES;
				CLANG_WARN_INT_CONVERSION = YES;
				CLANG_WARN_OBJC_ROOT_CLASS = YES_ERROR;
				CLANG_WARN_SUSPICIOUS_MOVE = YES;
				CLANG_WARN_UNREACHABLE_CODE = YES;
				CLANG_WARN__DUPLICATE_METHOD_MATCH = YES;
				"CODE_SIGN_IDENTITY[sdk=iphoneos*]" = "iPhone Developer";
				COPY_PHASE_STRIP = NO;
				DEBUG_INFORMATION_FORMAT = dwarf;
				ENABLE_STRICT_OBJC_MSGSEND = YES;
				ENABLE_TESTABILITY = YES;
				GCC_C_LANGUAGE_STANDARD = gnu99;
				GCC_DYNAMIC_NO_PIC = NO;
				GCC_NO_COMMON_BLOCKS = YES;
				GCC_OPTIMIZATION_LEVEL = 0;
				GCC_PREPROCESSOR_DEFINITIONS = (
					"DEBUG=1",
					"$(inherited)",
				);
				GCC_WARN_64_TO_32_BIT_CONVERSION = YES;
				GCC_WARN_ABOUT_RETURN_TYPE = YES_ERROR;
				GCC_WARN_UNDECLARED_SELECTOR = YES;
				GCC_WARN_UNINITIALIZED_AUTOS = YES_AGGRESSIVE;
				GCC_WARN_UNUSED_FUNCTION = YES;
				GCC_WARN_UNUSED_VARIABLE = YES;
				IPHONEOS_DEPLOYMENT_TARGET = 10.2;
				MTL_ENABLE_DEBUG_INFO = YES;
				ONLY_ACTIVE_ARCH = YES;
				SDKROOT = iphoneos;
				SWIFT_ACTIVE_COMPILATION_CONDITIONS = DEBUG;
				SWIFT_OPTIMIZATION_LEVEL = "-Onone";
				TARGETED_DEVICE_FAMILY = "1,2";
			};
			name = Debug;
		};
		119087621F5751FF009D87B3 /* Release */ = {
			isa = XCBuildConfiguration;
			buildSettings = {
				ALWAYS_SEARCH_USER_PATHS = NO;
				CLANG_ANALYZER_NONNULL = YES;
				CLANG_CXX_LANGUAGE_STANDARD = "gnu++0x";
				CLANG_CXX_LIBRARY = "libc++";
				CLANG_ENABLE_MODULES = YES;
				CLANG_ENABLE_OBJC_ARC = YES;
				CLANG_WARN_BOOL_CONVERSION = YES;
				CLANG_WARN_CONSTANT_CONVERSION = YES;
				CLANG_WARN_DIRECT_OBJC_ISA_USAGE = YES_ERROR;
				CLANG_WARN_DOCUMENTATION_COMMENTS = YES;
				CLANG_WARN_EMPTY_BODY = YES;
				CLANG_WARN_ENUM_CONVERSION = YES;
				CLANG_WARN_INFINITE_RECURSION = YES;
				CLANG_WARN_INT_CONVERSION = YES;
				CLANG_WARN_OBJC_ROOT_CLASS = YES_ERROR;
				CLANG_WARN_SUSPICIOUS_MOVE = YES;
				CLANG_WARN_UNREACHABLE_CODE = YES;
				CLANG_WARN__DUPLICATE_METHOD_MATCH = YES;
				"CODE_SIGN_IDENTITY[sdk=iphoneos*]" = "iPhone Developer";
				COPY_PHASE_STRIP = NO;
				DEBUG_INFORMATION_FORMAT = "dwarf-with-dsym";
				ENABLE_NS_ASSERTIONS = NO;
				ENABLE_STRICT_OBJC_MSGSEND = YES;
				GCC_C_LANGUAGE_STANDARD = gnu99;
				GCC_NO_COMMON_BLOCKS = YES;
				GCC_WARN_64_TO_32_BIT_CONVERSION = YES;
				GCC_WARN_ABOUT_RETURN_TYPE = YES_ERROR;
				GCC_WARN_UNDECLARED_SELECTOR = YES;
				GCC_WARN_UNINITIALIZED_AUTOS = YES_AGGRESSIVE;
				GCC_WARN_UNUSED_FUNCTION = YES;
				GCC_WARN_UNUSED_VARIABLE = YES;
				IPHONEOS_DEPLOYMENT_TARGET = 10.2;
				MTL_ENABLE_DEBUG_INFO = NO;
				SDKROOT = iphoneos;
				SWIFT_OPTIMIZATION_LEVEL = "-Owholemodule";
				TARGETED_DEVICE_FAMILY = "1,2";
				VALIDATE_PRODUCT = YES;
			};
			name = Release;
		};
		119087641F5751FF009D87B3 /* Debug */ = {
			isa = XCBuildConfiguration;
			buildSettings = {
				ASSETCATALOG_COMPILER_APPICON_NAME = AppIcon;
				INFOPLIST_FILE = newQuotePro/Info.plist;
				LD_RUNPATH_SEARCH_PATHS = "$(inherited) @executable_path/Frameworks";
				PRODUCT_BUNDLE_IDENTIFIER = z.newQuotePro;
				PRODUCT_NAME = "$(TARGET_NAME)";
				SWIFT_VERSION = 3.0;
			};
			name = Debug;
		};
		119087651F5751FF009D87B3 /* Release */ = {
			isa = XCBuildConfiguration;
			buildSettings = {
				ASSETCATALOG_COMPILER_APPICON_NAME = AppIcon;
				INFOPLIST_FILE = newQuotePro/Info.plist;
				LD_RUNPATH_SEARCH_PATHS = "$(inherited) @executable_path/Frameworks";
				PRODUCT_BUNDLE_IDENTIFIER = z.newQuotePro;
				PRODUCT_NAME = "$(TARGET_NAME)";
				SWIFT_VERSION = 3.0;
			};
			name = Release;
		};
/* End XCBuildConfiguration section */

/* Begin XCConfigurationList section */
		119087491F5751FF009D87B3 /* Build configuration list for PBXProject "newQuotePro" */ = {
			isa = XCConfigurationList;
			buildConfigurations = (
				119087611F5751FF009D87B3 /* Debug */,
				119087621F5751FF009D87B3 /* Release */,
			);
			defaultConfigurationIsVisible = 0;
			defaultConfigurationName = Release;
		};
		119087631F5751FF009D87B3 /* Build configuration list for PBXNativeTarget "newQuotePro" */ = {
			isa = XCConfigurationList;
			buildConfigurations = (
				119087641F5751FF009D87B3 /* Debug */,
				119087651F5751FF009D87B3 /* Release */,
			);
			defaultConfigurationIsVisible = 0;
		};
/* End XCConfigurationList section */

/* Begin XCVersionGroup section */
		119087581F5751FF009D87B3 /* newQuotePro.xcdatamodeld */ = {
			isa = XCVersionGroup;
			children = (
				119087591F5751FF009D87B3 /* newQuotePro.xcdatamodel */,
			);
			currentVersion = 119087591F5751FF009D87B3 /* newQuotePro.xcdatamodel */;
			path = newQuotePro.xcdatamodeld;
			sourceTree = "<group>";
			versionGroupType = wrapper.xcdatamodel;
		};
/* End XCVersionGroup section */
	};
	rootObject = 119087461F5751FF009D87B3 /* Project object */;
}
